{
  "version": 4,
  "terraform_version": "1.14.3",
  "serial": 16,
  "lineage": "9dfd1aa2-116b-7f88-11e2-ad9cdcd93b02",
  "outputs": {
    "api_service_name": {
      "value": "stateboard-api",
      "type": "string"
    },
    "api_url": {
      "value": "https://stateboard-api-ukddwnxkhq-lm.a.run.app",
      "type": "string"
    },
    "artifact_registry": {
      "value": "europe-central2-docker.pkg.dev/cognispace/stateboard-api",
      "type": "string"
    },
    "cloudflare_dns_hint": {
      "value": "  Frontend (stateboard.synthapse.xyz):\n    CNAME -\u003e c.storage.googleapis.com (or use Cloudflare origin / Load Balancer for the bucket).\n    SPA: ensure 404 serves index.html (bucket website config is set).\n\nAPI (api.stateboard.synthapse.xyz):\n    After terraform apply, run: gcloud run domain-mappings describe --domain=api.stateboard.synthapse.xyz --region=europe-central2\n    Or use the api_url output and CORS_ALLOWED_ORIGINS=https://stateboard.synthapse.xyz\n",
      "type": "string"
    },
    "frontend_bucket_name": {
      "value": "stateboard-synthapse-frontend",
      "type": "string"
    },
    "frontend_bucket_url": {
      "value": "https://storage.googleapis.com/stateboard-synthapse-frontend/index.html",
      "type": "string"
    },
    "gemini_secret_id": {
      "value": "stateboard-gemini-api-key",
      "type": "string"
    },
    "github_actions_sa_email": {
      "value": "stateboard-github-actions@cognispace.iam.gserviceaccount.com",
      "type": "string"
    },
    "github_actions_sa_key_json": {
      "value": "{\n  \"type\": \"service_account\",\n  \"project_id\": \"cognispace\",\n  \"private_key_id\": \"fd70f953c187f57cf0af6924d82d589882ea67ee\",\n  \"private_key\": \"-----BEGIN PRIVATE KEY-----\\nMIIEvQIBADANBgkqhkiG9w0BAQEFAASCBKcwggSjAgEAAoIBAQDLAGUPUjRurlPq\\nRs5LNf3N+QIdB4cJpw6xhMLD0S5kWqC8k48pE+/v+k+oj0kwe+mj5OYSh/MlsXK1\\ncw3zn5LwKH/vZRtIez9kJDJ1hpndEmUA7lmmSPRjhy2qp3AELgKrahigjmgYQvx3\\nsu1QqltMParoD4JJIm3OazijoJe+pFi8SHXYxN03vVv3Hlqye7UWGjx8Ha25TKXG\\npP2yj2IBdp2xzIN8LQpZ2T6dwMWiscQ0Wp4QW5PxZbPIbs+ZI1XTOo8PcR9UgJah\\npS0VQpJDY3gxRky6IUPM3M6UqTBoV6yzCNlog7EMyTzqkGT/+5YY+YPmA8JVjpz1\\nDwwwKjeZAgMBAAECggEAALQApZvwSI3cBoy2PDZ0qZj6M+WJxzPH7j96eTkpQvm5\\nYs3UCh1ikF86lWfhpgRX29R4I4pLAk9qCUzbuINN+/z37HlaLdcXch5Z+mQ79jMR\\nHH622seX6RxXwSaRUcJjCfr1GOFFZQgeXb/F6KieZlY0WFdtaRlwbe2bJZ3xyJxB\\nie+QuapZgBJ98mF6ELLsyiATvxpgeVoamV/YBilfy9InxTjlOyRg2ldHcwGKw88V\\nd4El2KhhLnJ8l4Z9E90TbrIdQMZ/29aED3H8+xeaoVj48ebbojS9t6POACxmqMI5\\nwQiOgmB3v3S3hIa3d6UTfZQfT/F6rZfjldyUNob+cQKBgQDraBNSImYMC1UyfHg9\\n3/0AuyEMnfOmX4r5DNKPox0GMntJ3DXbK4V8LkxsBAvdbQjsvjccbPoBv35RBxkD\\nQCH62LR9nAjZRgIZo9IqCO0uo46xvXQPjID/Jqh00LLPyTf6Ol9qoGEXfKdPpNUr\\nN/CYT6hkVIzLjRmy3FwxU6BIrQKBgQDcwpwltSh/f96N/h5HeoqPFTP5iFDZayYZ\\nlBtI1pwiErOctmNlvDtL8wN5L7UqWesRcO8779BFs/hCCWusX5lErlkECs4vHvzp\\nTLZWaUcKliEh8Tljcx/KbBmwoIyOreodUNcO/2vDYD4mg35VkUw/leB4ljX7NlZD\\neF9RJ91sHQKBgFwy0v5kQpuNBL1VSrLRO4JByFvssTUETqXkg8OGGyQGOYtgGCfT\\nD+DnMT9NBmie/9PZXDRh6jktCwgpQ36ma6iXn3li14RhiwkHxJR6EoslvAmZLg+4\\n8/z64xd9dcs0ABydKCnWzrAoPk9PO75FlpHRAR7qjopapSoMbH9VRX2xAoGBAKBx\\ntGjXbDKWLZsHWNxcXH23TEoMX65U6KDoepgKmflNnErGaCFVl8cQPLMEEGhSZ70K\\nVmU6WyV9sm3USPRDmrJHAJ0meUnX/LpWraLJ6v7vs+7mUe5Miotk25r6ZI2CKsfZ\\nrCPTUW/y79iv8s6fxknkVPtvOJZ2nGV3A9eI4K2lAoGANHVXcep0hCkv3aJsD9NW\\ns5U2Bndi2Ato8ObAwBaT4Liaof/cnikuEplM05yo8X9a5uFWkSytrDbQ+uXwsEx4\\n4gdKxBnfZuOSXGBB8t9BOo8d46ubcN0GVBANfO5GgTwmBR9zrXLE2XDtaUTr7vyr\\nPFDeMFbk2rmlnL64OeZxgEc=\\n-----END PRIVATE KEY-----\\n\",\n  \"client_email\": \"stateboard-github-actions@cognispace.iam.gserviceaccount.com\",\n  \"client_id\": \"113960289837532455745\",\n  \"auth_uri\": \"https://accounts.google.com/o/oauth2/auth\",\n  \"token_uri\": \"https://oauth2.googleapis.com/token\",\n  \"auth_provider_x509_cert_url\": \"https://www.googleapis.com/oauth2/v1/certs\",\n  \"client_x509_cert_url\": \"https://www.googleapis.com/robot/v1/metadata/x509/stateboard-github-actions%40cognispace.iam.gserviceaccount.com\",\n  \"universe_domain\": \"googleapis.com\"\n}\n",
      "type": "string",
      "sensitive": true
    },
    "project_id": {
      "value": "cognispace",
      "type": "string"
    },
    "region": {
      "value": "europe-central2",
      "type": "string"
    }
  },
  "resources": [
    {
      "mode": "data",
      "type": "google_project",
      "name": "current",
      "provider": "provider[\"registry.terraform.io/hashicorp/google\"]",
      "instances": [
        {
          "schema_version": 0,
          "attributes": {
            "auto_create_network": null,
            "billing_account": "01C7B7-5B77CD-27EDAD",
            "deletion_policy": "PREVENT",
            "effective_labels": {
              "firebase": "enabled"
            },
            "folder_id": null,
            "id": "projects/cognispace",
            "labels": {
              "firebase": "enabled"
            },
            "name": "Cognispace",
            "number": "946555989276",
            "org_id": null,
            "project_id": "cognispace",
            "tags": null,
            "terraform_labels": {
              "firebase": "enabled"
            }
          },
          "sensitive_attributes": [],
          "identity_schema_version": 0
        }
      ]
    },
    {
      "mode": "managed",
      "type": "google_artifact_registry_repository",
      "name": "api",
      "provider": "provider[\"registry.terraform.io/hashicorp/google\"]",
      "instances": [
        {
          "schema_version": 0,
          "attributes": {
            "cleanup_policies": [],
            "cleanup_policy_dry_run": false,
            "create_time": "2026-08-31T08:28:59.339654Z",
            "deletion_policy": "DELETE",
            "description": "Stateboard API container images",
            "docker_config": [],
            "effective_labels": {
              "goog-terraform-provisioned": "true"
            },
            "format": "DOCKER",
            "id": "projects/cognispace/locations/europe-central2/repositories/stateboard-api",
            "kms_key_name": "",
            "labels": null,
            "location": "europe-central2",
            "maven_config": [],
            "mode": "STANDARD_REPOSITORY",
            "name": "stateboard-api",
            "project": "cognispace",
            "registry_uri": "europe-central2-docker.pkg.dev/cognispace/stateboard-api",
            "remote_repository_config": [],
            "repository_id": "stateboard-api",
            "terraform_labels": {
              "goog-terraform-provisioned": "true"
            },
            "timeouts": null,
            "update_time": "2026-08-31T08:28:59.339654Z",
            "virtual_repository_config": [],
            "vulnerability_scanning_config": [
              {
                "enablement_config": "",
                "enablement_state": "SCANNING_DISABLED",
                "enablement_state_reason": "API containerscanning.googleapis.com is not enabled."
              }
            ]
          },
          "sensitive_attributes": [],
          "identity_schema_version": 1,
          "identity": {
            "location": "europe-central2",
            "project": "cognispace",
            "repository_id": "stateboard-api"
          },
          "private": "eyJlMmJmYjczMC1lY2FhLTExZTYtOGY4OC0zNDM2M2JjN2M0YzAiOnsiY3JlYXRlIjoxMjAwMDAwMDAwMDAwLCJkZWxldGUiOjEyMDAwMDAwMDAwMDAsInVwZGF0ZSI6MTIwMDAwMDAwMDAwMH19"
        }
      ]
    },
    {
      "mode": "managed",
      "type": "google_cloud_run_service",
      "name": "api",
      "provider": "provider[\"registry.terraform.io/hashicorp/google\"]",
      "instances": [
        {
          "schema_version": 2,
          "attributes": {
            "autogenerate_revision_name": false,
            "deletion_policy": "DELETE",
            "id": "locations/europe-central2/namespaces/cognispace/services/stateboard-api",
            "location": "europe-central2",
            "metadata": [
              {
                "annotations": {},
                "effective_annotations": {
                  "run.googleapis.com/ingress": "all",
                  "run.googleapis.com/ingress-status": "all",
                  "run.googleapis.com/maxScale": "20",
                  "run.googleapis.com/operation-id": "aff7b0cc-9db4-466d-9e5e-e54730f51931",
                  "run.googleapis.com/urls": "[\"https://stateboard-api-946555989276.europe-central2.run.app\",\"https://stateboard-api-ukddwnxkhq-lm.a.run.app\"]",
                  "serving.knative.dev/creator": "piotrzak2023@gmail.com",
                  "serving.knative.dev/lastModifier": "piotrzak2023@gmail.com"
                },
                "effective_labels": {
                  "cloud.googleapis.com/location": "europe-central2"
                },
                "generation": 1,
                "labels": {},
                "namespace": "cognispace",
                "resource_version": "AAZaU5mh2ZA",
                "self_link": "/apis/serving.knative.dev/v1/namespaces/946555989276/services/stateboard-api",
                "terraform_labels": {},
                "uid": "bb915177-8fea-4faa-b871-04ad4c137fd8"
              }
            ],
            "name": "stateboard-api",
            "project": "cognispace",
            "status": [
              {
                "conditions": [
                  {
                    "message": "",
                    "reason": "",
                    "status": "True",
                    "type": "Ready"
                  },
                  {
                    "message": "",
                    "reason": "",
                    "status": "True",
                    "type": "ConfigurationsReady"
                  },
                  {
                    "message": "",
                    "reason": "",
                    "status": "True",
                    "type": "RoutesReady"
                  }
                ],
                "latest_created_revision_name": "stateboard-api-00001-6mq",
                "latest_ready_revision_name": "stateboard-api-00001-6mq",
                "observed_generation": 1,
                "traffic": [
                  {
                    "latest_revision": true,
                    "percent": 100,
                    "revision_name": "stateboard-api-00001-6mq",
                    "tag": "",
                    "url": ""
                  }
                ],
                "url": "https://stateboard-api-ukddwnxkhq-lm.a.run.app"
              }
            ],
            "template": [
              {
                "metadata": [
                  {
                    "annotations": {
                      "autoscaling.knative.dev/maxScale": "3"
                    },
                    "generation": 0,
                    "labels": {
                      "run.googleapis.com/startupProbeType": "Default"
                    },
                    "name": "",
                    "namespace": "",
                    "resource_version": "",
                    "self_link": "",
                    "uid": ""
                  }
                ],
                "spec": [
                  {
                    "container_concurrency": 80,
                    "containers": [
                      {
                        "args": null,
                        "command": null,
                        "env": [],
                        "env_from": [],
                        "image": "us-docker.pkg.dev/cloudrun/container/hello",
                        "liveness_probe": [],
                        "name": "",
                        "ports": [
                          {
                            "container_port": 8080,
                            "name": "http1",
                            "protocol": ""
                          }
                        ],
                        "readiness_probe": [],
                        "resources": [
                          {
                            "limits": {
                              "cpu": "1",
                              "memory": "512Mi"
                            },
                            "requests": null
                          }
                        ],
                        "sandbox_launcher": false,
                        "startup_probe": [
                          {
                            "failure_threshold": 1,
                            "grpc": [],
                            "http_get": [],
                            "initial_delay_seconds": 0,
                            "period_seconds": 240,
                            "tcp_socket": [
                              {
                                "port": 8080
                              }
                            ],
                            "timeout_seconds": 240
                          }
                        ],
                        "volume_mounts": [],
                        "working_dir": ""
                      }
                    ],
                    "node_selector": null,
                    "service_account_name": "946555989276-compute@developer.gserviceaccount.com",
                    "serving_state": "",
                    "timeout_seconds": 300,
                    "volumes": []
                  }
                ]
              }
            ],
            "timeouts": null,
            "traffic": [
              {
                "latest_revision": true,
                "percent": 100,
                "revision_name": "",
                "tag": "",
                "url": ""
              }
            ]
          },
          "sensitive_attributes": [],
          "identity_schema_version": 1,
          "identity": {
            "location": "europe-central2",
            "name": "stateboard-api",
            "project": "cognispace"
          },
          "private": "eyJlMmJmYjczMC1lY2FhLTExZTYtOGY4OC0zNDM2M2JjN2M0YzAiOnsiY3JlYXRlIjoxMjAwMDAwMDAwMDAwLCJkZWxldGUiOjEyMDAwMDAwMDAwMDAsInVwZGF0ZSI6MTIwMDAwMDAwMDAwMH0sInNjaGVtYV92ZXJzaW9uIjoiMiJ9",
          "dependencies": [
            "google_artifact_registry_repository.api"
          ]
        }
      ]
    },
    {
      "mode": "managed",
      "type": "google_cloud_run_service_iam_member",
      "name": "api_public_invoker",
      "provider": "provider[\"registry.terraform.io/hashicorp/google\"]",
      "instances": [
        {
          "schema_version": 0,
          "attributes": {
            "condition": [],
            "etag": "BwZaU5n+htk=",
            "id": "v1/projects/cognispace/locations/europe-central2/services/stateboard-api/roles/run.invoker/allUsers",
            "location": "europe-central2",
            "member": "allUsers",
            "project": "cognispace",
            "role": "roles/run.invoker",
            "service": "v1/projects/cognispace/locations/europe-central2/services/stateboard-api"
          },
          "sensitive_attributes": [],
          "identity_schema_version": 1,
          "identity": {
            "condition_title": null,
            "location": "europe-central2",
            "member": "allUsers",
            "project": "cognispace",
            "role": "roles/run.invoker",
            "service": "v1/projects/cognispace/locations/europe-central2/services/stateboard-api"
          },
          "private": "bnVsbA==",
          "dependencies": [
            "google_artifact_registry_repository.api",
            "google_cloud_run_service.api"
          ]
        }
      ]
    },
    {
      "mode": "managed",
      "type": "google_project_iam_member",
      "name": "github_artifact_writer",
      "provider": "provider[\"registry.terraform.io/hashicorp/google\"]",
      "instances": [
        {
          "schema_version": 0,
          "attributes": {
            "condition": [],
            "etag": "BwZaU5kKkcM=",
            "id": "cognispace/roles/artifactregistry.writer/serviceAccount:stateboard-github-actions@cognispace.iam.gserviceaccount.com",
            "member": "serviceAccount:stateboard-github-actions@cognispace.iam.gserviceaccount.com",
            "project": "cognispace",
            "role": "roles/artifactregistry.writer"
          },
          "sensitive_attributes": [],
          "identity_schema_version": 1,
          "identity": {
            "condition_title": null,
            "member": "serviceAccount:stateboard-github-actions@cognispace.iam.gserviceaccount.com",
            "project": "cognispace",
            "role": "roles/artifactregistry.writer"
          },
          "private": "bnVsbA==",
          "dependencies": [
            "google_service_account.github_actions"
          ]
        }
      ]
    },
    {
      "mode": "managed",
      "type": "google_project_iam_member",
      "name": "github_run_admin",
      "provider": "provider[\"registry.terraform.io/hashicorp/google\"]",
      "instances": [
        {
          "schema_version": 0,
          "attributes": {
            "condition": [],
            "etag": "BwZaU5kKkcM=",
            "id": "cognispace/roles/run.admin/serviceAccount:stateboard-github-actions@cognispace.iam.gserviceaccount.com",
            "member": "serviceAccount:stateboard-github-actions@cognispace.iam.gserviceaccount.com",
            "project": "cognispace",
            "role": "roles/run.admin"
          },
          "sensitive_attributes": [],
          "identity_schema_version": 1,
          "identity": {
            "condition_title": null,
            "member": "serviceAccount:stateboard-github-actions@cognispace.iam.gserviceaccount.com",
            "project": "cognispace",
            "role": "roles/run.admin"
          },
          "private": "bnVsbA==",
          "dependencies": [
            "google_service_account.github_actions"
          ]
        }
      ]
    },
    {
      "mode": "managed",
      "type": "google_project_iam_member",
      "name": "github_sa_user",
      "provider": "provider[\"registry.terraform.io/hashicorp/google\"]",
      "instances": [
        {
          "schema_version": 0,
          "attributes": {
            "condition": [],
            "etag": "BwZaU5kKkcM=",
            "id": "cognispace/roles/iam.serviceAccountUser/serviceAccount:stateboard-github-actions@cognispace.iam.gserviceaccount.com",
            "member": "serviceAccount:stateboard-github-actions@cognispace.iam.gserviceaccount.com",
            "project": "cognispace",
            "role": "roles/iam.serviceAccountUser"
          },
          "sensitive_attributes": [],
          "identity_schema_version": 1,
          "identity": {
            "condition_title": null,
            "member": "serviceAccount:stateboard-github-actions@cognispace.iam.gserviceaccount.com",
            "project": "cognispace",
            "role": "roles/iam.serviceAccountUser"
          },
          "private": "bnVsbA==",
          "dependencies": [
            "google_service_account.github_actions"
          ]
        }
      ]
    },
    {
      "mode": "managed",
      "type": "google_project_iam_member",
      "name": "github_secret_admin",
      "provider": "provider[\"registry.terraform.io/hashicorp/google\"]",
      "instances": [
        {
          "schema_version": 0,
          "attributes": {
            "condition": [],
            "etag": "BwZaU5kKkcM=",
            "id": "cognispace/roles/secretmanager.admin/serviceAccount:stateboard-github-actions@cognispace.iam.gserviceaccount.com",
            "member": "serviceAccount:stateboard-github-actions@cognispace.iam.gserviceaccount.com",
            "project": "cognispace",
            "role": "roles/secretmanager.admin"
          },
          "sensitive_attributes": [],
          "identity_schema_version": 1,
          "identity": {
            "condition_title": null,
            "member": "serviceAccount:stateboard-github-actions@cognispace.iam.gserviceaccount.com",
            "project": "cognispace",
            "role": "roles/secretmanager.admin"
          },
          "private": "bnVsbA==",
          "dependencies": [
            "google_service_account.github_actions"
          ]
        }
      ]
    },
    {
      "mode": "managed",
      "type": "google_secret_manager_secret",
      "name": "gemini_api_key",
      "provider": "provider[\"registry.terraform.io/hashicorp/google\"]",
      "instances": [
        {
          "schema_version": 0,
          "attributes": {
            "annotations": null,
            "create_time": "2026-08-31T08:28:58.508464Z",
            "deletion_policy": "DELETE",
            "deletion_protection": false,
            "effective_annotations": {},
            "effective_labels": {
              "goog-terraform-provisioned": "true"
            },
            "expire_time": "",
            "id": "projects/cognispace/secrets/stateboard-gemini-api-key",
            "labels": null,
            "name": "projects/946555989276/secrets/stateboard-gemini-api-key",
            "project": "cognispace",
            "replication": [
              {
                "auto": [
                  {
                    "customer_managed_encryption": []
                  }
                ],
                "user_managed": []
              }
            ],
            "rotation": [],
            "secret_id": "stateboard-gemini-api-key",
            "tags": null,
            "terraform_labels": {
              "goog-terraform-provisioned": "true"
            },
            "timeouts": null,
            "topics": [],
            "ttl": null,
            "version_aliases": null,
            "version_destroy_ttl": ""
          },
          "sensitive_attributes": [],
          "identity_schema_version": 1,
          "identity": {
            "project": "cognispace",
            "secret_id": "stateboard-gemini-api-key"
          },
          "private": "eyJlMmJmYjczMC1lY2FhLTExZTYtOGY4OC0zNDM2M2JjN2M0YzAiOnsiY3JlYXRlIjoxMjAwMDAwMDAwMDAwLCJkZWxldGUiOjEyMDAwMDAwMDAwMDAsInVwZGF0ZSI6MTIwMDAwMDAwMDAwMH19"
        }
      ]
    },
    {
      "mode": "managed",
      "type": "google_secret_manager_secret_iam_member",
      "name": "gemini_runtime_accessor",
      "provider": "provider[\"registry.terraform.io/hashicorp/google\"]",
      "instances": [
        {
          "schema_version": 0,
          "attributes": {
            "condition": [],
            "etag": "BwZaU5gRl44=",
            "id": "projects/cognispace/secrets/stateboard-gemini-api-key/roles/secretmanager.secretAccessor/serviceAccount:946555989276-compute@developer.gserviceaccount.com",
            "member": "serviceAccount:946555989276-compute@developer.gserviceaccount.com",
            "project": "cognispace",
            "role": "roles/secretmanager.secretAccessor",
            "secret_id": "projects/cognispace/secrets/stateboard-gemini-api-key"
          },
          "sensitive_attributes": [],
          "identity_schema_version": 1,
          "identity": {
            "condition_title": null,
            "member": "serviceAccount:946555989276-compute@developer.gserviceaccount.com",
            "project": "cognispace",
            "role": "roles/secretmanager.secretAccessor",
            "secret_id": "projects/cognispace/secrets/stateboard-gemini-api-key"
          },
          "private": "bnVsbA==",
          "dependencies": [
            "data.google_project.current",
            "google_secret_manager_secret.gemini_api_key"
          ]
        }
      ]
    },
    {
      "mode": "managed",
      "type": "google_service_account",
      "name": "github_actions",
      "provider": "provider[\"registry.terraform.io/hashicorp/google\"]",
      "instances": [
        {
          "schema_version": 0,
          "attributes": {
            "account_id": "stateboard-github-actions",
            "create_ignore_already_exists": null,
            "deletion_policy": "DELETE",
            "description": "",
            "disabled": false,
            "display_name": "Stateboard GitHub Actions deployer",
            "email": "stateboard-github-actions@cognispace.iam.gserviceaccount.com",
            "id": "projects/cognispace/serviceAccounts/stateboard-github-actions@cognispace.iam.gserviceaccount.com",
            "member": "serviceAccount:stateboard-github-actions@cognispace.iam.gserviceaccount.com",
            "name": "projects/cognispace/serviceAccounts/stateboard-github-actions@cognispace.iam.gserviceaccount.com",
            "project": "cognispace",
            "timeouts": null,
            "unique_id": "113960289837532455745"
          },
          "sensitive_attributes": [],
          "identity_schema_version": 1,
          "identity": {
            "email": "stateboard-github-actions@cognispace.iam.gserviceaccount.com",
            "project": "cognispace"
          },
          "private": "eyJlMmJmYjczMC1lY2FhLTExZTYtOGY4OC0zNDM2M2JjN2M0YzAiOnsiY3JlYXRlIjozMDAwMDAwMDAwMDB9fQ=="
        }
      ]
    },
    {
      "mode": "managed",
      "type": "google_service_account_key",
      "name": "github_actions",
      "provider": "provider[\"registry.terraform.io/hashicorp/google\"]",
      "instances": [
        {
          "schema_version": 0,
          "attributes": {
            "deletion_policy": "DELETE",
            "id": "projects/cognispace/serviceAccounts/stateboard-github-actions@cognispace.iam.gserviceaccount.com/keys/fd70f953c187f57cf0af6924d82d589882ea67ee",
            "keepers": null,
            "key_algorithm": "KEY_ALG_RSA_2048",
            "name": "projects/cognispace/serviceAccounts/stateboard-github-actions@cognispace.iam.gserviceaccount.com/keys/fd70f953c187f57cf0af6924d82d589882ea67ee",
            "private_key": "ewogICJ0eXBlIjogInNlcnZpY2VfYWNjb3VudCIsCiAgInByb2plY3RfaWQiOiAiY29nbmlzcGFjZSIsCiAgInByaXZhdGVfa2V5X2lkIjogImZkNzBmOTUzYzE4N2Y1N2NmMGFmNjkyNGQ4MmQ1ODk4ODJlYTY3ZWUiLAogICJwcml2YXRlX2tleSI6ICItLS0tLUJFR0lOIFBSSVZBVEUgS0VZLS0tLS1cbk1JSUV2UUlCQURBTkJna3Foa2lHOXcwQkFRRUZBQVNDQktjd2dnU2pBZ0VBQW9JQkFRRExBR1VQVWpSdXJsUHFcblJzNUxOZjNOK1FJZEI0Y0pwdzZ4aE1MRDBTNWtXcUM4azQ4cEUrL3YraytvajBrd2UrbWo1T1lTaC9NbHNYSzFcbmN3M3puNUx3S0gvdlpSdEllejlrSkRKMWhwbmRFbVVBN2xtbVNQUmpoeTJxcDNBRUxnS3JhaGlnam1nWVF2eDNcbnN1MVFxbHRNUGFyb0Q0SkpJbTNPYXppam9KZStwRmk4U0hYWXhOMDN2VnYzSGxxeWU3VVdHang4SGEyNVRLWEdcbnBQMnlqMklCZHAyeHpJTjhMUXBaMlQ2ZHdNV2lzY1EwV3A0UVc1UHhaYlBJYnMrWkkxWFRPbzhQY1I5VWdKYWhcbnBTMFZRcEpEWTNneFJreTZJVVBNM002VXFUQm9WNnl6Q05sb2c3RU15VHpxa0dULys1WVkrWVBtQThKVmpwejFcbkR3d3dLamVaQWdNQkFBRUNnZ0VBQUxRQXBadndTSTNjQm95MlBEWjBxWmo2TStXSnh6UEg3ajk2ZVRrcFF2bTVcbllzM1VDaDFpa0Y4NmxXZmhwZ1JYMjlSNEk0cExBazlxQ1V6YnVJTk4rL3ozN0hsYUxkY1hjaDVaK21RNzlqTVJcbkhINjIyc2VYNlJ4WHdTYVJVY0pqQ2ZyMUdPRkZaUWdlWGIvRjZLaWVabFkwV0ZkdGFSbHdiZTJiSlozeHlKeEJcbmllK1F1YXBaZ0JKOThtRjZFTExzeWlBVHZ4cGdlVm9hbVYvWUJpbGZ5OUlueFRqbE95UmcybGRIY3dHS3c4OFZcbmQ0RWwyS2hoTG5KOGw0WjlFOTBUYnJJZFFNWi8yOWFFRDNIOCt4ZWFvVmo0OGViYm9qUzl0NlBPQUN4bXFNSTVcbndRaU9nbUIzdjNTM2hJYTNkNlVUZlpRZlQvRjZyWmZqbGR5VU5vYitjUUtCZ1FEcmFCTlNJbVlNQzFVeWZIZzlcbjMvMEF1eUVNbmZPbVg0cjVETktQb3gwR01udEozRFhiSzRWOExreHNCQXZkYlFqc3ZqY2NiUG9CdjM1UkJ4a0RcblFDSDYyTFI5bkFqWlJnSVpvOUlxQ08wdW80Nnh2WFFQaklEL0pxaDAwTExQeVRmNk9sOXFvR0VYZktkUHBOVXJcbk4vQ1lUNmhrVkl6TGpSbXkzRnd4VTZCSXJRS0JnUURjd3B3bHRTaC9mOTZOL2g1SGVvcVBGVFA1aUZEWmF5WVpcbmxCdEkxcHdpRXJPY3RtTmx2RHRMOHdONUw3VXFXZXNSY084Nzc5QkZzL2hDQ1d1c1g1bEVybGtFQ3M0dkh2enBcblRMWldhVWNLbGlFaDhUbGpjeC9LYkJtd29JeU9yZW9kVU5jTy8ydkRZRDRtZzM1VmtVdy9sZUI0bGpYN05sWkRcbmVGOVJKOTFzSFFLQmdGd3kwdjVrUXB1TkJMMVZTckxSTzRKQnlGdnNzVFVFVHFYa2c4T0dHeVFHT1l0Z0dDZlRcbkQrRG5NVDlOQm1pZS85UFpYRFJoNmprdEN3Z3BRMzZtYTZpWG4zbGkxNFJoaXdrSHhKUjZFb3NsdkFtWkxnKzRcbjgvejY0eGQ5ZGNzMEFCeWRLQ25XenJBb1BrOVBPNzVGbHBIUkFSN3Fqb3BhcFNvTWJIOVZSWDJ4QW9HQkFLQnhcbnRHalhiREtXTFpzSFdOeGNYSDIzVEVvTVg2NVU2S0RvZXBnS21mbE5uRXJHYUNGVmw4Y1FQTE1FRUdoU1o3MEtcblZtVTZXeVY5c20zVVNQUkRtckpIQUowbWVVblgvTHBXcmFMSjZ2N3ZzKzdtVWU1TWlvdGsyNXI2WkkyQ0tzZlpcbnJDUFRVVy95NzlpdjhzNmZ4a25rVlB0dk9KWjJuR1YzQTllSTRLMmxBb0dBTkhWWGNlcDBoQ2t2M2FKc0Q5TldcbnM1VTJCbmRpMkF0bzhPYkF3QmFUNExpYW9mL2NuaWt1RXBsTTA1eW84WDlhNXVGV2tTeXRyRGJRK3VYd3NFeDRcbjRnZEt4Qm5mWnVPU1hHQkI4dDlCT284ZDQ2dWJjTjBHVkJBTmZPNUdnVHdtQlI5enJYTEUyWER0YVVUcjd2eXJcblBGRGVNRmJrMnJtbG5MNjRPZVp4Z0VjPVxuLS0tLS1FTkQgUFJJVkFURSBLRVktLS0tLVxuIiwKICAiY2xpZW50X2VtYWlsIjogInN0YXRlYm9hcmQtZ2l0aHViLWFjdGlvbnNAY29nbmlzcGFjZS5pYW0uZ3NlcnZpY2VhY2NvdW50LmNvbSIsCiAgImNsaWVudF9pZCI6ICIxMTM5NjAyODk4Mzc1MzI0NTU3NDUiLAogICJhdXRoX3VyaSI6ICJodHRwczovL2FjY291bnRzLmdvb2dsZS5jb20vby9vYXV0aDIvYXV0aCIsCiAgInRva2VuX3VyaSI6ICJodHRwczovL29hdXRoMi5nb29nbGVhcGlzLmNvbS90b2tlbiIsCiAgImF1dGhfcHJvdmlkZXJfeDUwOV9jZXJ0X3VybCI6ICJodHRwczovL3d3dy5nb29nbGVhcGlzLmNvbS9vYXV0aDIvdjEvY2VydHMiLAogICJjbGllbnRfeDUwOV9jZXJ0X3VybCI6ICJodHRwczovL3d3dy5nb29nbGVhcGlzLmNvbS9yb2JvdC92MS9tZXRhZGF0YS94NTA5L3N0YXRlYm9hcmQtZ2l0aHViLWFjdGlvbnMlNDBjb2duaXNwYWNlLmlhbS5nc2VydmljZWFjY291bnQuY29tIiwKICAidW5pdmVyc2VfZG9tYWluIjogImdvb2dsZWFwaXMuY29tIgp9Cg==",
            "private_key_type": "TYPE_GOOGLE_CREDENTIALS_FILE",
            "public_key": "LS0tLS1CRUdJTiBDRVJUSUZJQ0FURS0tLS0tCk1JSUMvVENDQWVXZ0F3SUJBZ0lKQU1ldHJpSWJCdUYxTUEwR0NTcUdTSWIzRFFFQkJRVUFNQ0F4SGpBY0JnTlYKQkFNTUZURXhNemsyTURJNE9UZ3pOelV6TWpRMU5UYzBOVEFnRncweU5qQTRNekV3T0RJNU1USmFHQTg1T1RrNQpNVEl6TVRJek5UazFPVm93SURFZU1Cd0dBMVVFQXd3Vk1URXpPVFl3TWpnNU9ETTNOVE15TkRVMU56UTFNSUlCCklqQU5CZ2txaGtpRzl3MEJBUUVGQUFPQ0FROEFNSUlCQ2dLQ0FRRUF5d0JsRDFJMGJxNVQ2a2JPU3pYOXpma0MKSFFlSENhY09zWVRDdzlFdVpGcWd2Sk9QS1JQdjcvcFBxSTlKTUh2cG8rVG1Fb2Z6SmJGeXRYTU44NStTOENoLwo3MlViU0hzL1pDUXlkWWFaM1JKbEFPNVpwa2owWTRjdHFxZHdCQzRDcTJvWW9JNW9HRUw4ZDdMdFVLcGJURDJxCjZBK0NTU0p0em1zNG82Q1h2cVJZdkVoMTJNVGRONzFiOXg1YXNudTFGaG84ZkIydHVVeWx4cVQ5c285aUFYYWQKc2N5RGZDMEtXZGsrbmNERm9ySEVORnFlRUZ1VDhXV3p5RzdQbVNOVjB6cVBEM0VmVklDV29hVXRGVUtTUTJONApNVVpNdWlGRHpOek9sS2t3YUZlc3N3alphSU94RE1rODZwQmsvL3VXR1BtRDVnUENWWTZjOVE4TU1DbzNtUUlECkFRQUJvemd3TmpBTUJnTlZIUk1CQWY4RUFqQUFNQTRHQTFVZER3RUIvd1FFQXdJSGdEQVdCZ05WSFNVQkFmOEUKRERBS0JnZ3JCZ0VGQlFjREFqQU5CZ2txaGtpRzl3MEJBUVVGQUFPQ0FRRUFJeVp2eTAvK3A2MmhncEdFMEZwaQpDT2VsRUNGbDJ3V0Y4b2xTMGQ3ak1NQXdKMklRMlJ3WHRmb1l5NDFKekhoZXJ3UWNvSmNJaVNsUzRvVkcwZWJPCmVNSnVHY3BwM3R4UEdtekxjeGhYSm1VbGJmN3pkUVlBZ2FwOElVMFZhRlFHbHZRUUNjWmdnQUkzSXc5L0laRmkKUlYxWDJicFZvL1NrY0xCTk5pNU5oUFZCdjlsRjhrZXNsSzd3NldaYVowb1YxeGFyb1Joais0NVgzdkZYMmlzdwpKUHdTMXI3blZvYU1XNWJnMnl2N3NwZ0plVlpIRGJzT3RvYytoMHY2R3BOVjRpVlAwWUl0QXhyeGFDZ1pWUDZTCldtWDRaQUZYYUcwMi9lK3FsLzJyQ0s4RWpoa2ZaRlNpRGxTcEN2dnJuaHEwWWFUa01oZ2kwZ1J1RWJBbmoyVnIKaVE9PQotLS0tLUVORCBDRVJUSUZJQ0FURS0tLS0tCg==",
            "public_key_data": null,
            "public_key_type": "TYPE_X509_PEM_FILE",
            "service_account_id": "projects/cognispace/serviceAccounts/stateboard-github-actions@cognispace.iam.gserviceaccount.com",
            "valid_after": "2026-08-31T08:29:12Z",
            "valid_before": "9999-12-31T23:59:59Z"
          },
          "sensitive_attributes": [
            [
              {
                "type": "get_attr",
                "value": "private_key"
              }
            ]
          ],
          "identity_schema_version": 1,
          "identity": {
            "name": "projects/cognispace/serviceAccounts/stateboard-github-actions@cognispace.iam.gserviceaccount.com/keys/fd70f953c187f57cf0af6924d82d589882ea67ee"
          },
          "private": "bnVsbA==",
          "dependencies": [
            "google_service_account.github_actions"
          ]
        }
      ]
    },
    {
      "mode": "managed",
      "type": "google_storage_bucket",
      "name": "frontend",
      "provider": "provider[\"registry.terraform.io/hashicorp/google\"]",
      "instances": [
        {
          "schema_version": 4,
          "attributes": {
            "autoclass": [],
            "cors": [],
            "custom_placement_config": [],
            "default_event_based_hold": false,
            "deletion_policy": "DELETE",
            "effective_labels": {
              "app": "stateboard",
              "goog-terraform-provisioned": "true",
              "managed_by": "terraform"
            },
            "enable_object_retention": false,
            "encryption": [],
            "force_destroy": false,
            "hierarchical_namespace": [
              {
                "enabled": false
              }
            ],
            "id": "stateboard-synthapse-frontend",
            "ip_filter": [],
            "labels": {
              "app": "stateboard",
              "managed_by": "terraform"
            },
            "lifecycle_rule": [],
            "location": "EUROPE-CENTRAL2",
            "logging": [],
            "name": "stateboard-synthapse-frontend",
            "project": "cognispace",
            "project_number": 946555989276,
            "public_access_prevention": "inherited",
            "requester_pays": false,
            "retention_policy": [],
            "rpo": null,
            "self_link": "https://www.googleapis.com/storage/v1/b/stateboard-synthapse-frontend",
            "soft_delete_policy": [
              {
                "effective_time": "2026-08-31T08:28:58.838Z",
                "retention_duration_seconds": 604800
              }
            ],
            "storage_class": "STANDARD",
            "terraform_labels": {
              "app": "stateboard",
              "goog-terraform-provisioned": "true",
              "managed_by": "terraform"
            },
            "time_created": "2026-08-31T08:28:58.838Z",
            "timeouts": null,
            "uniform_bucket_level_access": true,
            "updated": "2026-08-31T08:28:58.838Z",
            "url": "gs://stateboard-synthapse-frontend",
            "versioning": [],
            "website": [
              {
                "main_page_suffix": "index.html",
                "not_found_page": "index.html"
              }
            ]
          },
          "sensitive_attributes": [],
          "identity_schema_version": 1,
          "identity": {
            "name": "stateboard-synthapse-frontend",
            "project": "cognispace"
          },
          "private": "eyJlMmJmYjczMC1lY2FhLTExZTYtOGY4OC0zNDM2M2JjN2M0YzAiOnsiY3JlYXRlIjo2MDAwMDAwMDAwMDAsInJlYWQiOjI0MDAwMDAwMDAwMCwidXBkYXRlIjoyNDAwMDAwMDAwMDB9LCJzY2hlbWFfdmVyc2lvbiI6IjQifQ=="
        }
      ]
    },
    {
      "mode": "managed",
      "type": "google_storage_bucket_iam_member",
      "name": "frontend_public_read",
      "provider": "provider[\"registry.terraform.io/hashicorp/google\"]",
      "instances": [
        {
          "schema_version": 0,
          "attributes": {
            "bucket": "b/stateboard-synthapse-frontend",
            "condition": [],
            "etag": "CAI=",
            "id": "b/stateboard-synthapse-frontend/roles/storage.objectViewer/allUsers",
            "member": "allUsers",
            "role": "roles/storage.objectViewer",
            "timeouts": null
          },
          "sensitive_attributes": [],
          "identity_schema_version": 0,
          "private": "eyJlMmJmYjczMC1lY2FhLTExZTYtOGY4OC0zNDM2M2JjN2M0YzAiOnsiY3JlYXRlIjoxMjAwMDAwMDAwMDAwfX0=",
          "dependencies": [
            "google_storage_bucket.frontend"
          ]
        }
      ]
    },
    {
      "mode": "managed",
      "type": "google_storage_bucket_iam_member",
      "name": "github_frontend_admin",
      "provider": "provider[\"registry.terraform.io/hashicorp/google\"]",
      "instances": [
        {
          "schema_version": 0,
          "attributes": {
            "bucket": "b/stateboard-synthapse-frontend",
            "condition": [],
            "etag": "CAM=",
            "id": "b/stateboard-synthapse-frontend/roles/storage.objectAdmin/serviceAccount:stateboard-github-actions@cognispace.iam.gserviceaccount.com",
            "member": "serviceAccount:stateboard-github-actions@cognispace.iam.gserviceaccount.com",
            "role": "roles/storage.objectAdmin",
            "timeouts": null
          },
          "sensitive_attributes": [],
          "identity_schema_version": 0,
          "private": "eyJlMmJmYjczMC1lY2FhLTExZTYtOGY4OC0zNDM2M2JjN2M0YzAiOnsiY3JlYXRlIjoxMjAwMDAwMDAwMDAwfX0=",
          "dependencies": [
            "google_service_account.github_actions",
            "google_storage_bucket.frontend"
          ]
        }
      ]
    }
  ],
  "check_results": null
}
